
Microsoft Visual Studio Solution File, Format Version 12.00
# Visual Studio Version 16
VisualStudioVersion = 16.0.31729.503
MinimumVisualStudioVersion = 10.0.40219.1
Project("{FAE04EC0-301F-11D3-BF4B-00C04F79EFBC}") = "DataLayer", "DataLayer\DataLayer.csproj", "{AD32E000-0789-4238-855E-CF1ED79798C9}"
EndProject
Project("{FAE04EC0-301F-11D3-BF4B-00C04F79EFBC}") = "BusinessLogicLayer", "BusinessLogicLayer\BusinessLogicLayer.csproj", "{B458313E-6426-4533-9203-B7E3C39F620A}"
EndProject
Project("{FAE04EC0-301F-11D3-BF4B-00C04F79EFBC}") = "WEB", "WEB\WEB.csproj", "{2DFA6E94-DE5F-4CD0-BBF0-9D93FFD45EDA}"
EndProject
Global
	GlobalSection(SolutionConfigurationPlatforms) = preSolution
		Debug|Any CPU = Debug|Any CPU
		Release|Any CPU = Release|Any CPU
	EndGlobalSection
	GlobalSection(ProjectConfigurationPlatforms) = postSolution
		{AD32E000-0789-4238-855E-CF1ED79798C9}.Debug|Any CPU.ActiveCfg = Debug|Any CPU
		{AD32E000-0789-4238-855E-CF1ED79798C9}.Debug|Any CPU.Build.0 = Debug|Any CPU
		{AD32E000-0789-4238-855E-CF1ED79798C9}.Release|Any CPU.ActiveCfg = Release|Any CPU
		{AD32E000-0789-4238-855E-CF1ED79798C9}.Release|Any CPU.Build.0 = Release|Any CPU
		{B458313E-6426-4533-9203-B7E3C39F620A}.Debug|Any CPU.ActiveCfg = Debug|Any CPU
		{B458313E-6426-4533-9203-B7E3C39F620A}.Debug|Any CPU.Build.0 = Debug|Any CPU
		{B458313E-6426-4533-9203-B7E3C39F620A}.Release|Any CPU.ActiveCfg = Release|Any CPU
		{B458313E-6426-4533-9203-B7E3C39F620A}.Release|Any CPU.Build.0 = Release|Any CPU
		{2DFA6E94-DE5F-4CD0-BBF0-9D93FFD45EDA}.Debug|Any CPU.ActiveCfg = Debug|Any CPU
		{2DFA6E94-DE5F-4CD0-BBF0-9D93FFD45EDA}.Debug|Any CPU.Build.0 = Debug|Any CPU
		{2DFA6E94-DE5F-4CD0-BBF0-9D93FFD45EDA}.Release|Any CPU.ActiveCfg = Release|Any CPU
		{2DFA6E94-DE5F-4CD0-BBF0-9D93FFD45EDA}.Release|Any CPU.Build.0 = Release|Any CPU
	EndGlobalSection
	GlobalSection(SolutionProperties) = preSolution
		HideSolutionNode = FALSE
	EndGlobalSection
	GlobalSection(ExtensibilityGlobals) = postSolution
		SolutionGuid = {620785BC-9C92-49D7-8185-655D56F2419E}
	EndGlobalSection
EndGlobal
